# This file is autogenerated, do not edit; changes may be undone by the next 'dep ensure'.


[[projects]]
  digest = "1:ef5aa057c3eb00d5d849d7b7f219c9151fbb077502c4616445ce479895b89907"
  name = "github.com/lib/pq"
  packages = [
    ".",
    "oid",
    "scram",
  ]
  pruneopts = "UT"
  revision = "2a217b94f5ccd3de31aec4152a541b9ff64bed05"
  version = "v1.10.9"

[solve-meta]
  analyzer-name = "dep"
  analyzer-version = 1
  input-imports = ["github.com/lib/pq"]
  solver-name = "gps-cdcl"
  solver-version = 1
